{
  "name": "scripts",
  "lockfileVersion": 3,
  "requires": true,
  "packages": {
    "": {
      "devDependencies": {
        "xml-formatter": "^3.6.3"
      }
    },
    "node_modules/xml-formatter": {
      "version": "3.6.3",
      "resolved": "https://registry.npmjs.org/xml-formatter/-/xml-formatter-3.6.3.tgz",
      "integrity": "sha512-++x1TlRO1FRlQ82AZ4WnoCSufaI/PT/sycn4K8nRl4gnrNC1uYY2VV/67aALZ2m0Q4Q/BLj/L69K360Itw9NNg==",
      "dev": true,
      "dependencies": {
        "xml-parser-xo": "^4.1.2"
      },
      "engines": {
        "node": ">= 16"
      }
    },
    "node_modules/xml-parser-xo": {
      "version": "4.1.2",
      "resolved": "https://registry.npmjs.org/xml-parser-xo/-/xml-parser-xo-4.1.2.tgz",
      "integrity": "sha512-Z/DRB0ZAKj5vAQg++XsfQQKfT73Vfj5n5lKIVXobBDQEva6NHWUTxOA6OohJmEcpoy8AEqBmSGkXXAnFwt5qAA==",
      "dev": true,
      "engines": {
        "node": ">= 16"
      }
    }
  }
}
