{
  "name": "scripts",
  "lockfileVersion": 3,
  "requires": true,
  "packages": {
    "": {
      "devDependencies": {
        "xml-formatter": "^3.6.4"
      }
    },
    "node_modules/xml-formatter": {
      "version": "3.6.4",
      "resolved": "https://registry.npmjs.org/xml-formatter/-/xml-formatter-3.6.4.tgz",
      "integrity": "sha512-vkvTNw4u9mp72lMmJHw771NE9EJLX0kfwIcP+ZEo9eJ6HmotX23vmykyROyIQ9Y3a+ckdUdhxIE2ZO66rYuPrg==",
      "dev": true,
      "license": "MIT",
      "dependencies": {
        "xml-parser-xo": "^4.1.2"
      },
      "engines": {
        "node": ">= 16"
      }
    },
    "node_modules/xml-parser-xo": {
      "version": "4.1.2",
      "resolved": "https://registry.npmjs.org/xml-parser-xo/-/xml-parser-xo-4.1.2.tgz",
      "integrity": "sha512-Z/DRB0ZAKj5vAQg++XsfQQKfT73Vfj5n5lKIVXobBDQEva6NHWUTxOA6OohJmEcpoy8AEqBmSGkXXAnFwt5qAA==",
      "dev": true,
      "engines": {
        "node": ">= 16"
      }
    }
  }
}
