{
  "name": "scripts",
  "lockfileVersion": 3,
  "requires": true,
  "packages": {
    "": {
      "devDependencies": {
        "xml-formatter": "^3.6.4"
      }
    },
    "node_modules/xml-formatter": {
      "version": "3.7.0",
      "resolved": "https://registry.npmjs.org/xml-formatter/-/xml-formatter-3.7.0.tgz",
      "integrity": "sha512-+8qTc3zv2UcJ1v9IsSIce37Dl4MQG14Cp7tWrwmy202UaI1wqRukw5QMX1JHsV+DX64yw77EgGsj2s5wGvuMbQ==",
      "dev": true,
      "license": "MIT",
      "dependencies": {
        "xml-parser-xo": "^4.1.5"
      },
      "engines": {
        "node": ">= 16"
      }
    },
    "node_modules/xml-parser-xo": {
      "version": "4.1.6",
      "resolved": "https://registry.npmjs.org/xml-parser-xo/-/xml-parser-xo-4.1.6.tgz",
      "integrity": "sha512-mXbSNSM+rIwndoxSwmFa83bOdeP8G/cOGr7XvxA67X7ebCzoAuVez9JYDCDub3zRDNBZxIbfjuXLSsamr7NfwQ==",
      "dev": true,
      "license": "MIT",
      "engines": {
        "node": ">= 20"
      }
    }
  }
}
